
Microsoft Visual Studio Solution File, Format Version 12.00
# Visual Studio Version 17
VisualStudioVersion = 17.10.35004.147
MinimumVisualStudioVersion = 10.0.40219.1
Project("{FAE04EC0-301F-11D3-BF4B-00C04F79EFBC}") = "InputValidationApi", "InputValidationApi\InputValidationApi.csproj", "{55F18EBD-FFEE-4083-91D1-D84130D42D20}"
EndProject
Project("{FAE04EC0-301F-11D3-BF4B-00C04F79EFBC}") = "InputValidationApiTests", "InputValidationApiTests\InputValidationApiTests.csproj", "{61E84C19-4EC1-40A0-9BC5-9FBDAFD7641C}"
EndProject
Global
	GlobalSection(SolutionConfigurationPlatforms) = preSolution
		Debug|Any CPU = Debug|Any CPU
		Release|Any CPU = Release|Any CPU
	EndGlobalSection
	GlobalSection(ProjectConfigurationPlatforms) = postSolution
		{55F18EBD-FFEE-4083-91D1-D84130D42D20}.Debug|Any CPU.ActiveCfg = Debug|Any CPU
		{55F18EBD-FFEE-4083-91D1-D84130D42D20}.Debug|Any CPU.Build.0 = Debug|Any CPU
		{55F18EBD-FFEE-4083-91D1-D84130D42D20}.Release|Any CPU.ActiveCfg = Release|Any CPU
		{55F18EBD-FFEE-4083-91D1-D84130D42D20}.Release|Any CPU.Build.0 = Release|Any CPU
		{61E84C19-4EC1-40A0-9BC5-9FBDAFD7641C}.Debug|Any CPU.ActiveCfg = Debug|Any CPU
		{61E84C19-4EC1-40A0-9BC5-9FBDAFD7641C}.Debug|Any CPU.Build.0 = Debug|Any CPU
		{61E84C19-4EC1-40A0-9BC5-9FBDAFD7641C}.Release|Any CPU.ActiveCfg = Release|Any CPU
		{61E84C19-4EC1-40A0-9BC5-9FBDAFD7641C}.Release|Any CPU.Build.0 = Release|Any CPU
	EndGlobalSection
	GlobalSection(SolutionProperties) = preSolution
		HideSolutionNode = FALSE
	EndGlobalSection
	GlobalSection(ExtensibilityGlobals) = postSolution
		SolutionGuid = {C981C327-FD00-410C-A9FC-8FDCD59B5C59}
	EndGlobalSection
EndGlobal
